# THIS IS AN AUTOGENERATED FILE. DO NOT EDIT THIS FILE DIRECTLY.
# yarn lockfile v1


"@vant/weapp@^1.2.1":
  version "1.2.1"
  resolved "https://registry.yarnpkg.com/@vant/weapp/-/weapp-1.2.1.tgz#2fe3d48e611bff679e2fb130ae1040f41b464bcc"
  integrity sha512-VirE3kEhiayQSXSl0oFY4OqL33IqQhxBnszJeo91ePCgx7zxWhH5Lr0BkLnSg7awyJIXuWgXd9YGw3I8DnVHMw==
